
Microsoft Visual Studio Solution File, Format Version 12.00
# Visual Studio Version 16
VisualStudioVersion = 16.0.28803.156
MinimumVisualStudioVersion = 10.0.40219.1
Project("{9A19103F-16F7-4668-BE54-9A1E7A4F7556}") = "Energize", "Energize\Energize.csproj", "{9CBCAC34-5712-479C-9283-1A3A6B7EB4AF}"
EndProject
Project("{6EC3EE1D-3C4E-46DD-8F32-0CC8E7565705}") = "Energize.Commands", "Energize.Commands\Energize.Commands.fsproj", "{8EA1822E-08AC-4AD5-A345-0B33BCF065C6}"
EndProject
Project("{9A19103F-16F7-4668-BE54-9A1E7A4F7556}") = "Energize.Essentials", "Energize.Essentials\Energize.Essentials.csproj", "{9DB69804-7FFF-4CDD-BBFA-E0D62D5FE201}"
EndProject
Project("{9A19103F-16F7-4668-BE54-9A1E7A4F7556}") = "Energize.Interfaces", "Energize.Interfaces\Energize.Interfaces.csproj", "{8DFFFA3B-43FB-4EDA-BEA4-462A435F7051}"
EndProject
Project("{FAE04EC0-301F-11D3-BF4B-00C04F79EFBC}") = "Energize.Web", "Energize.Web\Energize.Web.csproj", "{0C35F995-D0A9-4984-8C45-8CCBD81226B5}"
EndProject
Global
	GlobalSection(SolutionConfigurationPlatforms) = preSolution
		Debug|Any CPU = Debug|Any CPU
		Release|Any CPU = Release|Any CPU
	EndGlobalSection
	GlobalSection(ProjectConfigurationPlatforms) = postSolution
		{9CBCAC34-5712-479C-9283-1A3A6B7EB4AF}.Debug|Any CPU.ActiveCfg = Debug|Any CPU
		{9CBCAC34-5712-479C-9283-1A3A6B7EB4AF}.Debug|Any CPU.Build.0 = Debug|Any CPU
		{9CBCAC34-5712-479C-9283-1A3A6B7EB4AF}.Release|Any CPU.ActiveCfg = Release|Any CPU
		{9CBCAC34-5712-479C-9283-1A3A6B7EB4AF}.Release|Any CPU.Build.0 = Release|Any CPU
		{8EA1822E-08AC-4AD5-A345-0B33BCF065C6}.Debug|Any CPU.ActiveCfg = Debug|Any CPU
		{8EA1822E-08AC-4AD5-A345-0B33BCF065C6}.Debug|Any CPU.Build.0 = Debug|Any CPU
		{8EA1822E-08AC-4AD5-A345-0B33BCF065C6}.Release|Any CPU.ActiveCfg = Release|Any CPU
		{8EA1822E-08AC-4AD5-A345-0B33BCF065C6}.Release|Any CPU.Build.0 = Release|Any CPU
		{9DB69804-7FFF-4CDD-BBFA-E0D62D5FE201}.Debug|Any CPU.ActiveCfg = Debug|Any CPU
		{9DB69804-7FFF-4CDD-BBFA-E0D62D5FE201}.Debug|Any CPU.Build.0 = Debug|Any CPU
		{9DB69804-7FFF-4CDD-BBFA-E0D62D5FE201}.Release|Any CPU.ActiveCfg = Release|Any CPU
		{9DB69804-7FFF-4CDD-BBFA-E0D62D5FE201}.Release|Any CPU.Build.0 = Release|Any CPU
		{8DFFFA3B-43FB-4EDA-BEA4-462A435F7051}.Debug|Any CPU.ActiveCfg = Debug|Any CPU
		{8DFFFA3B-43FB-4EDA-BEA4-462A435F7051}.Debug|Any CPU.Build.0 = Debug|Any CPU
		{8DFFFA3B-43FB-4EDA-BEA4-462A435F7051}.Release|Any CPU.ActiveCfg = Release|Any CPU
		{8DFFFA3B-43FB-4EDA-BEA4-462A435F7051}.Release|Any CPU.Build.0 = Release|Any CPU
		{0C35F995-D0A9-4984-8C45-8CCBD81226B5}.Debug|Any CPU.ActiveCfg = Debug|Any CPU
		{0C35F995-D0A9-4984-8C45-8CCBD81226B5}.Debug|Any CPU.Build.0 = Debug|Any CPU
		{0C35F995-D0A9-4984-8C45-8CCBD81226B5}.Release|Any CPU.ActiveCfg = Release|Any CPU
		{0C35F995-D0A9-4984-8C45-8CCBD81226B5}.Release|Any CPU.Build.0 = Release|Any CPU
	EndGlobalSection
	GlobalSection(SolutionProperties) = preSolution
		HideSolutionNode = FALSE
	EndGlobalSection
	GlobalSection(ExtensibilityGlobals) = postSolution
		SolutionGuid = {C0F2F146-5D95-4C7A-8AD3-F83BDDA08689}
	EndGlobalSection
EndGlobal
