
Microsoft Visual Studio Solution File, Format Version 12.00
# Visual Studio 15
VisualStudioVersion = 15.0.27130.2020
MinimumVisualStudioVersion = 10.0.40219.1
Project("{9A19103F-16F7-4668-BE54-9A1E7A4F7556}") = "Energize", "Energize.csproj", "{207525EB-59DD-4BCA-9C22-CCCE116C2939}"
EndProject
Global
	GlobalSection(SolutionConfigurationPlatforms) = preSolution
		Debug|Any CPU = Debug|Any CPU
		Release|Any CPU = Release|Any CPU
	EndGlobalSection
	GlobalSection(ProjectConfigurationPlatforms) = postSolution
		{207525EB-59DD-4BCA-9C22-CCCE116C2939}.Debug|Any CPU.ActiveCfg = Debug|Any CPU
		{207525EB-59DD-4BCA-9C22-CCCE116C2939}.Debug|Any CPU.Build.0 = Debug|Any CPU
		{207525EB-59DD-4BCA-9C22-CCCE116C2939}.Release|Any CPU.ActiveCfg = Release|Any CPU
		{207525EB-59DD-4BCA-9C22-CCCE116C2939}.Release|Any CPU.Build.0 = Release|Any CPU
	EndGlobalSection
	GlobalSection(SolutionProperties) = preSolution
		HideSolutionNode = FALSE
	EndGlobalSection
	GlobalSection(ExtensibilityGlobals) = postSolution
		SolutionGuid = {73BF6A44-EC35-4E9E-B9A9-71E1427E7544}
	EndGlobalSection
EndGlobal
